
Microsoft Visual Studio Solution File, Format Version 12.00
# Visual Studio Version 17
VisualStudioVersion = 17.2.32602.215
MinimumVisualStudioVersion = 10.0.40219.1
Project("{FAE04EC0-301F-11D3-BF4B-00C04F79EFBC}") = "RecordsAPI", "RecordsAPI.csproj", "{695E6FD1-B6E5-423A-BFEA-1D75F01B3E34}"
EndProject
Global
	GlobalSection(SolutionConfigurationPlatforms) = preSolution
		Debug|Any CPU = Debug|Any CPU
		Release|Any CPU = Release|Any CPU
	EndGlobalSection
	GlobalSection(ProjectConfigurationPlatforms) = postSolution
		{695E6FD1-B6E5-423A-BFEA-1D75F01B3E34}.Debug|Any CPU.ActiveCfg = Debug|Any CPU
		{695E6FD1-B6E5-423A-BFEA-1D75F01B3E34}.Debug|Any CPU.Build.0 = Debug|Any CPU
		{695E6FD1-B6E5-423A-BFEA-1D75F01B3E34}.Release|Any CPU.ActiveCfg = Release|Any CPU
		{695E6FD1-B6E5-423A-BFEA-1D75F01B3E34}.Release|Any CPU.Build.0 = Release|Any CPU
	EndGlobalSection
	GlobalSection(SolutionProperties) = preSolution
		HideSolutionNode = FALSE
	EndGlobalSection
	GlobalSection(ExtensibilityGlobals) = postSolution
		SolutionGuid = {45F6F3CE-F550-4D4A-A63E-E5A5F0221D62}
	EndGlobalSection
EndGlobal
